{
  "name": "noogl-test",
  "version": "1.0.0",
  "lockfileVersion": 2,
  "requires": true,
  "packages": {
    "": {
      "name": "noogl-test",
      "version": "1.0.0",
      "dependencies": {
        "@beeswax/node-glfw": "^0.5.0",
        "@beeswax/noogl": ".."
      }
    },
    "..": {
      "version": "0.1.2",
      "devDependencies": {
        "@beeswax/node-api": "^1.0.1",
        "@beeswax/toolchain": "^1.0.0",
        "@types/node": "^16.11.4",
        "domutils": "^2.8.0",
        "fast-xml-parser": "^3.20.0",
        "htmlparser2": "^7.1.2",
        "node-addon-api": "^4.2.0",
        "typescript": "^4.4.4"
      }
    },
    "node_modules/@beeswax/node-glfw": {
      "version": "0.5.0",
      "resolved": "https://registry.npmjs.org/@beeswax/node-glfw/-/node-glfw-0.5.0.tgz",
      "integrity": "sha512-D5aWT3WjLXIs3xOHTeQKTM+A8HTYb0ECN9/M5E+nGfplK5tuTzTbBhNEGsVrKpVJRVsm2Jg7SFei9vJnItos1g=="
    },
    "node_modules/@beeswax/noogl": {
      "resolved": "..",
      "link": true
    }
  },
  "dependencies": {
    "@beeswax/node-glfw": {
      "version": "0.5.0",
      "resolved": "https://registry.npmjs.org/@beeswax/node-glfw/-/node-glfw-0.5.0.tgz",
      "integrity": "sha512-D5aWT3WjLXIs3xOHTeQKTM+A8HTYb0ECN9/M5E+nGfplK5tuTzTbBhNEGsVrKpVJRVsm2Jg7SFei9vJnItos1g=="
    },
    "@beeswax/noogl": {
      "version": "file:..",
      "requires": {
        "@beeswax/node-api": "^1.0.1",
        "@beeswax/toolchain": "^1.0.0",
        "@types/node": "^16.11.4",
        "domutils": "^2.8.0",
        "fast-xml-parser": "^3.20.0",
        "htmlparser2": "^7.1.2",
        "node-addon-api": "^4.2.0",
        "typescript": "^4.4.4"
      }
    }
  }
}
